// !$*UTF8*$!
{
	archiveVersion = 1;
	classes = {
	};
	objectVersion = 46;
	objects = {

/* Begin PBXBuildFile section */
		FB09525A1CA9FAB500E95D7F /* AppDelegate.swift in Sources */ = {isa = PBXBuildFile; fileRef = FB0952591CA9FAB500E95D7F /* AppDelegate.swift */; };
		FB09525C1CA9FAB500E95D7F /* ViewController.swift in Sources */ = {isa = PBXBuildFile; fileRef = FB09525B1CA9FAB500E95D7F /* ViewController.swift */; };
		FB09525F1CA9FAB500E95D7F /* Main.storyboard in Resources */ = {isa = PBXBuildFile; fileRef = FB09525D1CA9FAB500E95D7F /* Main.storyboard */; };
		FB0952611CA9FAB500E95D7F /* Assets.xcassets in Resources */ = {isa = PBXBuildFile; fileRef = FB0952601CA9FAB500E95D7F /* Assets.xcassets */; };
		FB0952641CA9FAB500E95D7F /* LaunchScreen.storyboard in Resources */ = {isa = PBXBuildFile; fileRef = FB0952621CA9FAB500E95D7F /* LaunchScreen.storyboard */; };
		FB09526F1CA9FAB500E95D7F /* ProgressViewControllerTests.swift in Sources */ = {isa = PBXBuildFile; fileRef = FB09526E1CA9FAB500E95D7F /* ProgressViewControllerTests.swift */; };
		FB09527A1CA9FAB500E95D7F /* ProgressViewControllerUITests.swift in Sources */ = {isa = PBXBuildFile; fileRef = FB0952791CA9FAB500E95D7F /* ProgressViewControllerUITests.swift */; };
/* End PBXBuildFile section */

/* Begin PBXContainerItemProxy section */
		FB09526B1CA9FAB500E95D7F /* PBXContainerItemProxy */ = {
			isa = PBXContainerItemProxy;
			containerPortal = FB09524E1CA9FAB500E95D7F /* Project object */;
			proxyType = 1;
			remoteGlobalIDString = FB0952551CA9FAB500E95D7F;
			remoteInfo = ProgressViewController;
		};
		FB0952761CA9FAB500E95D7F /* PBXContainerItemProxy */ = {
			isa = PBXContainerItemProxy;
			containerPortal = FB09524E1CA9FAB500E95D7F /* Project object */;
			proxyType = 1;
			remoteGlobalIDString = FB0952551CA9FAB500E95D7F;
			remoteInfo = ProgressViewController;
		};
/* End PBXContainerItemProxy section */

/* Begin PBXFileReference section */
		FB0952561CA9FAB500E95D7F /* ProgressViewController.app */ = {isa = PBXFileReference; explicitFileType = wrapper.application; includeInIndex = 0; path = ProgressViewController.app; sourceTree = BUILT_PRODUCTS_DIR; };
		FB0952591CA9FAB500E95D7F /* AppDelegate.swift */ = {isa = PBXFileReference; lastKnownFileType = sourcecode.swift; path = AppDelegate.swift; sourceTree = "<group>"; };
		FB09525B1CA9FAB500E95D7F /* ViewController.swift */ = {isa = PBXFileReference; lastKnownFileType = sourcecode.swift; path = ViewController.swift; sourceTree = "<group>"; };
		FB09525E1CA9FAB500E95D7F /* Base */ = {isa = PBXFileReference; lastKnownFileType = file.storyboard; name = Base; path = Base.lproj/Main.storyboard; sourceTree = "<group>"; };
		FB0952601CA9FAB500E95D7F /* Assets.xcassets */ = {isa = PBXFileReference; lastKnownFileType = folder.assetcatalog; path = Assets.xcassets; sourceTree = "<group>"; };
		FB0952631CA9FAB500E95D7F /* Base */ = {isa = PBXFileReference; lastKnownFileType = file.storyboard; name = Base; path = Base.lproj/LaunchScreen.storyboard; sourceTree = "<group>"; };
		FB0952651CA9FAB500E95D7F /* Info.plist */ = {isa = PBXFileReference; lastKnownFileType = text.plist.xml; path = Info.plist; sourceTree = "<group>"; };
		FB09526A1CA9FAB500E95D7F /* ProgressViewControllerTests.xctest */ = {isa = PBXFileReference; explicitFileType = wrapper.cfbundle; includeInIndex = 0; path = ProgressViewControllerTests.xctest; sourceTree = BUILT_PRODUCTS_DIR; };
		FB09526E1CA9FAB500E95D7F /* ProgressViewControllerTests.swift */ = {isa = PBXFileReference; lastKnownFileType = sourcecode.swift; path = ProgressViewControllerTests.swift; sourceTree = "<group>"; };
		FB0952701CA9FAB500E95D7F /* Info.plist */ = {isa = PBXFileReference; lastKnownFileType = text.plist.xml; path = Info.plist; sourceTree = "<group>"; };
		FB0952751CA9FAB500E95D7F /* ProgressViewControllerUITests.xctest */ = {isa = PBXFileReference; explicitFileType = wrapper.cfbundle; includeInIndex = 0; path = ProgressViewControllerUITests.xctest; sourceTree = BUILT_PRODUCTS_DIR; };
		FB0952791CA9FAB500E95D7F /* ProgressViewControllerUITests.swift */ = {isa = PBXFileReference; lastKnownFileType = sourcecode.swift; path = ProgressViewControllerUITests.swift; sourceTree = "<group>"; };
		FB09527B1CA9FAB500E95D7F /* Info.plist */ = {isa = PBXFileReference; lastKnownFileType = text.plist.xml; path = Info.plist; sourceTree = "<group>"; };
/* End PBXFileReference section */

/* Begin PBXFrameworksBuildPhase section */
		FB0952531CA9FAB500E95D7F /* Frameworks */ = {
			isa = PBXFrameworksBuildPhase;
			buildActionMask = 2147483647;
			files = (
			);
			runOnlyForDeploymentPostprocessing = 0;
		};
		FB0952671CA9FAB500E95D7F /* Frameworks */ = {
			isa = PBXFrameworksBuildPhase;
			buildActionMask = 2147483647;
			files = (
			);
			runOnlyForDeploymentPostprocessing = 0;
		};
		FB0952721CA9FAB500E95D7F /* Frameworks */ = {
			isa = PBXFrameworksBuildPhase;
			buildActionMask = 2147483647;
			files = (
			);
			runOnlyForDeploymentPostprocessing = 0;
		};
/* End PBXFrameworksBuildPhase section */

/* Begin PBXGroup section */
		FB09524D1CA9FAB500E95D7F = {
			isa = PBXGroup;
			children = (
				FB0952581CA9FAB500E95D7F /* ProgressViewController */,
				FB09526D1CA9FAB500E95D7F /* ProgressViewControllerTests */,
				FB0952781CA9FAB500E95D7F /* ProgressViewControllerUITests */,
				FB0952571CA9FAB500E95D7F /* Products */,
			);
			sourceTree = "<group>";
		};
		FB0952571CA9FAB500E95D7F /* Products */ = {
			isa = PBXGroup;
			children = (
				FB0952561CA9FAB500E95D7F /* ProgressViewController.app */,
				FB09526A1CA9FAB500E95D7F /* ProgressViewControllerTests.xctest */,
				FB0952751CA9FAB500E95D7F /* ProgressViewControllerUITests.xctest */,
			);
			name = Products;
			sourceTree = "<group>";
		};
		FB0952581CA9FAB500E95D7F /* ProgressViewController */ = {
			isa = PBXGroup;
			children = (
				FB0952591CA9FAB500E95D7F /* AppDelegate.swift */,
				FB09525B1CA9FAB500E95D7F /* ViewController.swift */,
				FB09525D1CA9FAB500E95D7F /* Main.storyboard */,
				FB0952601CA9FAB500E95D7F /* Assets.xcassets */,
				FB0952621CA9FAB500E95D7F /* LaunchScreen.storyboard */,
				FB0952651CA9FAB500E95D7F /* Info.plist */,
			);
			path = ProgressViewController;
			sourceTree = "<group>";
		};
		FB09526D1CA9FAB500E95D7F /* ProgressViewControllerTests */ = {
			isa = PBXGroup;
			children = (
				FB09526E1CA9FAB500E95D7F /* ProgressViewControllerTests.swift */,
				FB0952701CA9FAB500E95D7F /* Info.plist */,
			);
			path = ProgressViewControllerTests;
			sourceTree = "<group>";
		};
		FB0952781CA9FAB500E95D7F /* ProgressViewControllerUITests */ = {
			isa = PBXGroup;
			children = (
				FB0952791CA9FAB500E95D7F /* ProgressViewControllerUITests.swift */,
				FB09527B1CA9FAB500E95D7F /* Info.plist */,
			);
			path = ProgressViewControllerUITests;
			sourceTree = "<group>";
		};
/* End PBXGroup section */

/* Begin PBXNativeTarget section */
		FB0952551CA9FAB500E95D7F /* ProgressViewController */ = {
			isa = PBXNativeTarget;
			buildConfigurationList = FB09527E1CA9FAB500E95D7F /* Build configuration list for PBXNativeTarget "ProgressViewController" */;
			buildPhases = (
				FB0952521CA9FAB500E95D7F /* Sources */,
				FB0952531CA9FAB500E95D7F /* Frameworks */,
				FB0952541CA9FAB500E95D7F /* Resources */,
			);
			buildRules = (
			);
			dependencies = (
			);
			name = ProgressViewController;
			productName = ProgressViewController;
			productReference = FB0952561CA9FAB500E95D7F /* ProgressViewController.app */;
			productType = "com.apple.product-type.application";
		};
		FB0952691CA9FAB500E95D7F /* ProgressViewControllerTests */ = {
			isa = PBXNativeTarget;
			buildConfigurationList = FB0952811CA9FAB500E95D7F /* Build configuration list for PBXNativeTarget "ProgressViewControllerTests" */;
			buildPhases = (
				FB0952661CA9FAB500E95D7F /* Sources */,
				FB0952671CA9FAB500E95D7F /* Frameworks */,
				FB0952681CA9FAB500E95D7F /* Resources */,
			);
			buildRules = (
			);
			dependencies = (
				FB09526C1CA9FAB500E95D7F /* PBXTargetDependency */,
			);
			name = ProgressViewControllerTests;
			productName = ProgressViewControllerTests;
			productReference = FB09526A1CA9FAB500E95D7F /* ProgressViewControllerTests.xctest */;
			productType = "com.apple.product-type.bundle.unit-test";
		};
		FB0952741CA9FAB500E95D7F /* ProgressViewControllerUITests */ = {
			isa = PBXNativeTarget;
			buildConfigurationList = FB0952841CA9FAB500E95D7F /* Build configuration list for PBXNativeTarget "ProgressViewControllerUITests" */;
			buildPhases = (
				FB0952711CA9FAB500E95D7F /* Sources */,
				FB0952721CA9FAB500E95D7F /* Frameworks */,
				FB0952731CA9FAB500E95D7F /* Resources */,
			);
			buildRules = (
			);
			dependencies = (
				FB0952771CA9FAB500E95D7F /* PBXTargetDependency */,
			);
			name = ProgressViewControllerUITests;
			productName = ProgressViewControllerUITests;
			productReference = FB0952751CA9FAB500E95D7F /* ProgressViewControllerUITests.xctest */;
			productType = "com.apple.product-type.bundle.ui-testing";
		};
/* End PBXNativeTarget section */

/* Begin PBXProject section */
		FB09524E1CA9FAB500E95D7F /* Project object */ = {
			isa = PBXProject;
			attributes = {
				LastSwiftUpdateCheck = 0720;
				LastUpgradeCheck = 0720;
				ORGANIZATIONNAME = "Fidel Gonzalez";
				TargetAttributes = {
					FB0952551CA9FAB500E95D7F = {
						CreatedOnToolsVersion = 7.2.1;
						DevelopmentTeam = 86SZP8Z578;
					};
					FB0952691CA9FAB500E95D7F = {
						CreatedOnToolsVersion = 7.2.1;
						DevelopmentTeam = 86SZP8Z578;
						TestTargetID = FB0952551CA9FAB500E95D7F;
					};
					FB0952741CA9FAB500E95D7F = {
						CreatedOnToolsVersion = 7.2.1;
						DevelopmentTeam = 86SZP8Z578;
						TestTargetID = FB0952551CA9FAB500E95D7F;
					};
				};
			};
			buildConfigurationList = FB0952511CA9FAB500E95D7F /* Build configuration list for PBXProject "ProgressViewController" */;
			compatibilityVersion = "Xcode 3.2";
			developmentRegion = English;
			hasScannedForEncodings = 0;
			knownRegions = (
				en,
				Base,
			);
			mainGroup = FB09524D1CA9FAB500E95D7F;
			productRefGroup = FB0952571CA9FAB500E95D7F /* Products */;
			projectDirPath = "";
			projectRoot = "";
			targets = (
				FB0952551CA9FAB500E95D7F /* ProgressViewController */,
				FB0952691CA9FAB500E95D7F /* ProgressViewControllerTests */,
				FB0952741CA9FAB500E95D7F /* ProgressViewControllerUITests */,
			);
		};
/* End PBXProject section */

/* Begin PBXResourcesBuildPhase section */
		FB0952541CA9FAB500E95D7F /* Resources */ = {
			isa = PBXResourcesBuildPhase;
			buildActionMask = 2147483647;
			files = (
				FB0952641CA9FAB500E95D7F /* LaunchScreen.storyboard in Resources */,
				FB0952611CA9FAB500E95D7F /* Assets.xcassets in Resources */,
				FB09525F1CA9FAB500E95D7F /* Main.storyboard in Resources */,
			);
			runOnlyForDeploymentPostprocessing = 0;
		};
		FB0952681CA9FAB500E95D7F /* Resources */ = {
			isa = PBXResourcesBuildPhase;
			buildActionMask = 2147483647;
			files = (
			);
			runOnlyForDeploymentPostprocessing = 0;
		};
		FB0952731CA9FAB500E95D7F /* Resources */ = {
			isa = PBXResourcesBuildPhase;
			buildActionMask = 2147483647;
			files = (
			);
			runOnlyForDeploymentPostprocessing = 0;
		};
/* End PBXResourcesBuildPhase section */

/* Begin PBXSourcesBuildPhase section */
		FB0952521CA9FAB500E95D7F /* Sources */ = {
			isa = PBXSourcesBuildPhase;
			buildActionMask = 2147483647;
			files = (
				FB09525C1CA9FAB500E95D7F /* ViewController.swift in Sources */,
				FB09525A1CA9FAB500E95D7F /* AppDelegate.swift in Sources */,
			);
			runOnlyForDeploymentPostprocessing = 0;
		};
		FB0952661CA9FAB500E95D7F /* Sources */ = {
			isa = PBXSourcesBuildPhase;
			buildActionMask = 2147483647;
			files = (
				FB09526F1CA9FAB500E95D7F /* ProgressViewControllerTests.swift in Sources */,
			);
			runOnlyForDeploymentPostprocessing = 0;
		};
		FB0952711CA9FAB500E95D7F /* Sources */ = {
			isa = PBXSourcesBuildPhase;
			buildActionMask = 2147483647;
			files = (
				FB09527A1CA9FAB500E95D7F /* ProgressViewControllerUITests.swift in Sources */,
			);
			runOnlyForDeploymentPostprocessing = 0;
		};
/* End PBXSourcesBuildPhase section */

/* Begin PBXTargetDependency section */
		FB09526C1CA9FAB500E95D7F /* PBXTargetDependency */ = {
			isa = PBXTargetDependency;
			target = FB0952551CA9FAB500E95D7F /* ProgressViewController */;
			targetProxy = FB09526B1CA9FAB500E95D7F /* PBXContainerItemProxy */;
		};
		FB0952771CA9FAB500E95D7F /* PBXTargetDependency */ = {
			isa = PBXTargetDependency;
			target = FB0952551CA9FAB500E95D7F /* ProgressViewController */;
			targetProxy = FB0952761CA9FAB500E95D7F /* PBXContainerItemProxy */;
		};
/* End PBXTargetDependency section */

/* Begin PBXVariantGroup section */
		FB09525D1CA9FAB500E95D7F /* Main.storyboard */ = {
			isa = PBXVariantGroup;
			children = (
				FB09525E1CA9FAB500E95D7F /* Base */,
			);
			name = Main.storyboard;
			sourceTree = "<group>";
		};
		FB0952621CA9FAB500E95D7F /* LaunchScreen.storyboard */ = {
			isa = PBXVariantGroup;
			children = (
				FB0952631CA9FAB500E95D7F /* Base */,
			);
			name = LaunchScreen.storyboard;
			sourceTree = "<group>";
		};
/* End PBXVariantGroup section */

/* Begin XCBuildConfiguration section */
		FB09527C1CA9FAB500E95D7F /* Debug */ = {
			isa = XCBuildConfiguration;
			buildSettings = {
				ALWAYS_SEARCH_USER_PATHS = NO;
				CLANG_CXX_LANGUAGE_STANDARD = "gnu++0x";
				CLANG_CXX_LIBRARY = "libc++";
				CLANG_ENABLE_MODULES = YES;
				CLANG_ENABLE_OBJC_ARC = YES;
				CLANG_WARN_BOOL_CONVERSION = YES;
				CLANG_WARN_CONSTANT_CONVERSION = YES;
				CLANG_WARN_DIRECT_OBJC_ISA_USAGE = YES_ERROR;
				CLANG_WARN_EMPTY_BODY = YES;
				CLANG_WARN_ENUM_CONVERSION = YES;
				CLANG_WARN_INT_CONVERSION = YES;
				CLANG_WARN_OBJC_ROOT_CLASS = YES_ERROR;
				CLANG_WARN_UNREACHABLE_CODE = YES;
				CLANG_WARN__DUPLICATE_METHOD_MATCH = YES;
				"CODE_SIGN_IDENTITY[sdk=iphoneos*]" = "iPhone Developer";
				COPY_PHASE_STRIP = NO;
				DEBUG_INFORMATION_FORMAT = dwarf;
				ENABLE_STRICT_OBJC_MSGSEND = YES;
				ENABLE_TESTABILITY = YES;
				GCC_C_LANGUAGE_STANDARD = gnu99;
				GCC_DYNAMIC_NO_PIC = NO;
				GCC_NO_COMMON_BLOCKS = YES;
				GCC_OPTIMIZATION_LEVEL = 0;
				GCC_PREPROCESSOR_DEFINITIONS = (
					"DEBUG=1",
					"$(inherited)",
				);
				GCC_WARN_64_TO_32_BIT_CONVERSION = YES;
				GCC_WARN_ABOUT_RETURN_TYPE = YES_ERROR;
				GCC_WARN_UNDECLARED_SELECTOR = YES;
				GCC_WARN_UNINITIALIZED_AUTOS = YES_AGGRESSIVE;
				GCC_WARN_UNUSED_FUNCTION = YES;
				GCC_WARN_UNUSED_VARIABLE = YES;
				IPHONEOS_DEPLOYMENT_TARGET = 9.2;
				MTL_ENABLE_DEBUG_INFO = YES;
				ONLY_ACTIVE_ARCH = YES;
				SDKROOT = iphoneos;
				SWIFT_OPTIMIZATION_LEVEL = "-Onone";
			};
			name = Debug;
		};
		FB09527D1CA9FAB500E95D7F /* Release */ = {
			isa = XCBuildConfiguration;
			buildSettings = {
				ALWAYS_SEARCH_USER_PATHS = NO;
				CLANG_CXX_LANGUAGE_STANDARD = "gnu++0x";
				CLANG_CXX_LIBRARY = "libc++";
				CLANG_ENABLE_MODULES = YES;
				CLANG_ENABLE_OBJC_ARC = YES;
				CLANG_WARN_BOOL_CONVERSION = YES;
				CLANG_WARN_CONSTANT_CONVERSION = YES;
				CLANG_WARN_DIRECT_OBJC_ISA_USAGE = YES_ERROR;
				CLANG_WARN_EMPTY_BODY = YES;
				CLANG_WARN_ENUM_CONVERSION = YES;
				CLANG_WARN_INT_CONVERSION = YES;
				CLANG_WARN_OBJC_ROOT_CLASS = YES_ERROR;
				CLANG_WARN_UNREACHABLE_CODE = YES;
				CLANG_WARN__DUPLICATE_METHOD_MATCH = YES;
				"CODE_SIGN_IDENTITY[sdk=iphoneos*]" = "iPhone Developer";
				COPY_PHASE_STRIP = NO;
				DEBUG_INFORMATION_FORMAT = "dwarf-with-dsym";
				ENABLE_NS_ASSERTIONS = NO;
				ENABLE_STRICT_OBJC_MSGSEND = YES;
				GCC_C_LANGUAGE_STANDARD = gnu99;
				GCC_NO_COMMON_BLOCKS = YES;
				GCC_WARN_64_TO_32_BIT_CONVERSION = YES;
				GCC_WARN_ABOUT_RETURN_TYPE = YES_ERROR;
				GCC_WARN_UNDECLARED_SELECTOR = YES;
				GCC_WARN_UNINITIALIZED_AUTOS = YES_AGGRESSIVE;
				GCC_WARN_UNUSED_FUNCTION = YES;
				GCC_WARN_UNUSED_VARIABLE = YES;
				IPHONEOS_DEPLOYMENT_TARGET = 9.2;
				MTL_ENABLE_DEBUG_INFO = NO;
				SDKROOT = iphoneos;
				VALIDATE_PRODUCT = YES;
			};
			name = Release;
		};
		FB09527F1CA9FAB500E95D7F /* Debug */ = {
			isa = XCBuildConfiguration;
			buildSettings = {
				ASSETCATALOG_COMPILER_APPICON_NAME = AppIcon;
				INFOPLIST_FILE = ProgressViewController/Info.plist;
				LD_RUNPATH_SEARCH_PATHS = "$(inherited) @executable_path/Frameworks";
				PRODUCT_BUNDLE_IDENTIFIER = ASU.ProgressViewController;
				PRODUCT_NAME = "$(TARGET_NAME)";
			};
			name = Debug;
		};
		FB0952801CA9FAB500E95D7F /* Release */ = {
			isa = XCBuildConfiguration;
			buildSettings = {
				ASSETCATALOG_COMPILER_APPICON_NAME = AppIcon;
				INFOPLIST_FILE = ProgressViewController/Info.plist;
				LD_RUNPATH_SEARCH_PATHS = "$(inherited) @executable_path/Frameworks";
				PRODUCT_BUNDLE_IDENTIFIER = ASU.ProgressViewController;
				PRODUCT_NAME = "$(TARGET_NAME)";
			};
			name = Release;
		};
		FB0952821CA9FAB500E95D7F /* Debug */ = {
			isa = XCBuildConfiguration;
			buildSettings = {
				BUNDLE_LOADER = "$(TEST_HOST)";
				INFOPLIST_FILE = ProgressViewControllerTests/Info.plist;
				LD_RUNPATH_SEARCH_PATHS = "$(inherited) @executable_path/Frameworks @loader_path/Frameworks";
				PRODUCT_BUNDLE_IDENTIFIER = ASU.ProgressViewControllerTests;
				PRODUCT_NAME = "$(TARGET_NAME)";
				TEST_HOST = "$(BUILT_PRODUCTS_DIR)/ProgressViewController.app/ProgressViewController";
			};
			name = Debug;
		};
		FB0952831CA9FAB500E95D7F /* Release */ = {
			isa = XCBuildConfiguration;
			buildSettings = {
				BUNDLE_LOADER = "$(TEST_HOST)";
				INFOPLIST_FILE = ProgressViewControllerTests/Info.plist;
				LD_RUNPATH_SEARCH_PATHS = "$(inherited) @executable_path/Frameworks @loader_path/Frameworks";
				PRODUCT_BUNDLE_IDENTIFIER = ASU.ProgressViewControllerTests;
				PRODUCT_NAME = "$(TARGET_NAME)";
				TEST_HOST = "$(BUILT_PRODUCTS_DIR)/ProgressViewController.app/ProgressViewController";
			};
			name = Release;
		};
		FB0952851CA9FAB500E95D7F /* Debug */ = {
			isa = XCBuildConfiguration;
			buildSettings = {
				INFOPLIST_FILE = ProgressViewControllerUITests/Info.plist;
				LD_RUNPATH_SEARCH_PATHS = "$(inherited) @executable_path/Frameworks @loader_path/Frameworks";
				PRODUCT_BUNDLE_IDENTIFIER = ASU.ProgressViewControllerUITests;
				PRODUCT_NAME = "$(TARGET_NAME)";
				TEST_TARGET_NAME = ProgressViewController;
				USES_XCTRUNNER = YES;
			};
			name = Debug;
		};
		FB0952861CA9FAB500E95D7F /* Release */ = {
			isa = XCBuildConfiguration;
			buildSettings = {
				INFOPLIST_FILE = ProgressViewControllerUITests/Info.plist;
				LD_RUNPATH_SEARCH_PATHS = "$(inherited) @executable_path/Frameworks @loader_path/Frameworks";
				PRODUCT_BUNDLE_IDENTIFIER = ASU.ProgressViewControllerUITests;
				PRODUCT_NAME = "$(TARGET_NAME)";
				TEST_TARGET_NAME = ProgressViewController;
				USES_XCTRUNNER = YES;
			};
			name = Release;
		};
/* End XCBuildConfiguration section */

/* Begin XCConfigurationList section */
		FB0952511CA9FAB500E95D7F /* Build configuration list for PBXProject "ProgressViewController" */ = {
			isa = XCConfigurationList;
			buildConfigurations = (
				FB09527C1CA9FAB500E95D7F /* Debug */,
				FB09527D1CA9FAB500E95D7F /* Release */,
			);
			defaultConfigurationIsVisible = 0;
			defaultConfigurationName = Release;
		};
		FB09527E1CA9FAB500E95D7F /* Build configuration list for PBXNativeTarget "ProgressViewController" */ = {
			isa = XCConfigurationList;
			buildConfigurations = (
				FB09527F1CA9FAB500E95D7F /* Debug */,
				FB0952801CA9FAB500E95D7F /* Release */,
			);
			defaultConfigurationIsVisible = 0;
		};
		FB0952811CA9FAB500E95D7F /* Build configuration list for PBXNativeTarget "ProgressViewControllerTests" */ = {
			isa = XCConfigurationList;
			buildConfigurations = (
				FB0952821CA9FAB500E95D7F /* Debug */,
				FB0952831CA9FAB500E95D7F /* Release */,
			);
			defaultConfigurationIsVisible = 0;
		};
		FB0952841CA9FAB500E95D7F /* Build configuration list for PBXNativeTarget "ProgressViewControllerUITests" */ = {
			isa = XCConfigurationList;
			buildConfigurations = (
				FB0952851CA9FAB500E95D7F /* Debug */,
				FB0952861CA9FAB500E95D7F /* Release */,
			);
			defaultConfigurationIsVisible = 0;
		};
/* End XCConfigurationList section */
	};
	rootObject = FB09524E1CA9FAB500E95D7F /* Project object */;
}
